
Microsoft Visual Studio Solution File, Format Version 12.00
# Visual Studio Version 16
VisualStudioVersion = 16.0.31424.327
MinimumVisualStudioVersion = 10.0.40219.1
Project("{FAE04EC0-301F-11D3-BF4B-00C04F79EFBC}") = "Fibonacci", "Fibonacci\Fibonacci.csproj", "{379C9DF7-D9DB-42CC-BCEA-802E841C18C9}"
EndProject
Global
	GlobalSection(SolutionConfigurationPlatforms) = preSolution
		Debug|Any CPU = Debug|Any CPU
		Release|Any CPU = Release|Any CPU
	EndGlobalSection
	GlobalSection(ProjectConfigurationPlatforms) = postSolution
		{379C9DF7-D9DB-42CC-BCEA-802E841C18C9}.Debug|Any CPU.ActiveCfg = Debug|Any CPU
		{379C9DF7-D9DB-42CC-BCEA-802E841C18C9}.Debug|Any CPU.Build.0 = Debug|Any CPU
		{379C9DF7-D9DB-42CC-BCEA-802E841C18C9}.Release|Any CPU.ActiveCfg = Release|Any CPU
		{379C9DF7-D9DB-42CC-BCEA-802E841C18C9}.Release|Any CPU.Build.0 = Release|Any CPU
	EndGlobalSection
	GlobalSection(SolutionProperties) = preSolution
		HideSolutionNode = FALSE
	EndGlobalSection
	GlobalSection(ExtensibilityGlobals) = postSolution
		SolutionGuid = {97DB716E-D00F-46EC-8677-CF4712734921}
	EndGlobalSection
EndGlobal
