
Microsoft Visual Studio Solution File, Format Version 12.00
# Visual Studio Version 16
VisualStudioVersion = 16.0.31410.357
MinimumVisualStudioVersion = 10.0.40219.1
Project("{FAE04EC0-301F-11D3-BF4B-00C04F79EFBC}") = "AddCurrentTime", "AddCurrentTime.csproj", "{C539A19B-7A53-4ADA-B657-A9FABE6F9BAB}"
EndProject
Global
	GlobalSection(SolutionConfigurationPlatforms) = preSolution
		Debug|Any CPU = Debug|Any CPU
		Release|Any CPU = Release|Any CPU
	EndGlobalSection
	GlobalSection(ProjectConfigurationPlatforms) = postSolution
		{C539A19B-7A53-4ADA-B657-A9FABE6F9BAB}.Debug|Any CPU.ActiveCfg = Debug|Any CPU
		{C539A19B-7A53-4ADA-B657-A9FABE6F9BAB}.Debug|Any CPU.Build.0 = Debug|Any CPU
		{C539A19B-7A53-4ADA-B657-A9FABE6F9BAB}.Release|Any CPU.ActiveCfg = Release|Any CPU
		{C539A19B-7A53-4ADA-B657-A9FABE6F9BAB}.Release|Any CPU.Build.0 = Release|Any CPU
	EndGlobalSection
	GlobalSection(SolutionProperties) = preSolution
		HideSolutionNode = FALSE
	EndGlobalSection
	GlobalSection(ExtensibilityGlobals) = postSolution
		SolutionGuid = {02B66292-192F-424D-A606-4CFF1E890D70}
	EndGlobalSection
EndGlobal
