
Microsoft Visual Studio Solution File, Format Version 12.00
# Visual Studio Version 16
VisualStudioVersion = 16.0.31410.357
MinimumVisualStudioVersion = 10.0.40219.1
Project("{FAE04EC0-301F-11D3-BF4B-00C04F79EFBC}") = "DiagonalArray", "DiagonalArray.csproj", "{C9AE9BE9-B944-4BBB-85F9-0DCCA4AA4316}"
EndProject
Global
	GlobalSection(SolutionConfigurationPlatforms) = preSolution
		Debug|Any CPU = Debug|Any CPU
		Release|Any CPU = Release|Any CPU
	EndGlobalSection
	GlobalSection(ProjectConfigurationPlatforms) = postSolution
		{C9AE9BE9-B944-4BBB-85F9-0DCCA4AA4316}.Debug|Any CPU.ActiveCfg = Debug|Any CPU
		{C9AE9BE9-B944-4BBB-85F9-0DCCA4AA4316}.Debug|Any CPU.Build.0 = Debug|Any CPU
		{C9AE9BE9-B944-4BBB-85F9-0DCCA4AA4316}.Release|Any CPU.ActiveCfg = Release|Any CPU
		{C9AE9BE9-B944-4BBB-85F9-0DCCA4AA4316}.Release|Any CPU.Build.0 = Release|Any CPU
	EndGlobalSection
	GlobalSection(SolutionProperties) = preSolution
		HideSolutionNode = FALSE
	EndGlobalSection
	GlobalSection(ExtensibilityGlobals) = postSolution
		SolutionGuid = {F2156D79-2101-4D95-B1DF-A315E3476297}
	EndGlobalSection
EndGlobal
