
Microsoft Visual Studio Solution File, Format Version 12.00
# Visual Studio Version 16
VisualStudioVersion = 16.0.31410.357
MinimumVisualStudioVersion = 10.0.40219.1
Project("{FAE04EC0-301F-11D3-BF4B-00C04F79EFBC}") = "StringReverse", "StringReverse.csproj", "{684B2126-EC48-4EA3-ACA7-E0C6844C3480}"
EndProject
Global
	GlobalSection(SolutionConfigurationPlatforms) = preSolution
		Debug|Any CPU = Debug|Any CPU
		Release|Any CPU = Release|Any CPU
	EndGlobalSection
	GlobalSection(ProjectConfigurationPlatforms) = postSolution
		{684B2126-EC48-4EA3-ACA7-E0C6844C3480}.Debug|Any CPU.ActiveCfg = Debug|Any CPU
		{684B2126-EC48-4EA3-ACA7-E0C6844C3480}.Debug|Any CPU.Build.0 = Debug|Any CPU
		{684B2126-EC48-4EA3-ACA7-E0C6844C3480}.Release|Any CPU.ActiveCfg = Release|Any CPU
		{684B2126-EC48-4EA3-ACA7-E0C6844C3480}.Release|Any CPU.Build.0 = Release|Any CPU
	EndGlobalSection
	GlobalSection(SolutionProperties) = preSolution
		HideSolutionNode = FALSE
	EndGlobalSection
	GlobalSection(ExtensibilityGlobals) = postSolution
		SolutionGuid = {5D43683A-16D4-434E-A434-BC7AB4F30634}
	EndGlobalSection
EndGlobal
